// !$*UTF8*$!
{
	archiveVersion = 1;
	classes = {
	};
	objectVersion = 46;
	objects = {

/* Begin PBXBuildFile section */
		6177B2FD1B4B87CE00035DAC /* main.m in Sources */ = {isa = PBXBuildFile; fileRef = 6177B2FC1B4B87CE00035DAC /* main.m */; };
		6177B3001B4B87CE00035DAC /* AppDelegate.m in Sources */ = {isa = PBXBuildFile; fileRef = 6177B2FF1B4B87CE00035DAC /* AppDelegate.m */; };
		6177B30B1B4B87CE00035DAC /* Images.xcassets in Resources */ = {isa = PBXBuildFile; fileRef = 6177B30A1B4B87CE00035DAC /* Images.xcassets */; };
		6177B31A1B4B87CF00035DAC /* EShoppingTests.m in Sources */ = {isa = PBXBuildFile; fileRef = 6177B3191B4B87CF00035DAC /* EShoppingTests.m */; };
		618F43F01B503354001A5A76 /* CartViewController.m in Sources */ = {isa = PBXBuildFile; fileRef = 618F43EB1B503354001A5A76 /* CartViewController.m */; };
		618F43F11B503354001A5A76 /* DetailViewController.m in Sources */ = {isa = PBXBuildFile; fileRef = 618F43ED1B503354001A5A76 /* DetailViewController.m */; };
		618F43F21B503354001A5A76 /* MasterViewController.m in Sources */ = {isa = PBXBuildFile; fileRef = 618F43EF1B503354001A5A76 /* MasterViewController.m */; };
		618F43F71B503379001A5A76 /* LaunchScreen.xib in Resources */ = {isa = PBXBuildFile; fileRef = 618F43F31B503379001A5A76 /* LaunchScreen.xib */; };
		618F43F81B503379001A5A76 /* Main.storyboard in Resources */ = {isa = PBXBuildFile; fileRef = 618F43F51B503379001A5A76 /* Main.storyboard */; };
		61909D451B4CE5CC006943A8 /* ItemList.plist in Resources */ = {isa = PBXBuildFile; fileRef = 61909D441B4CE5CC006943A8 /* ItemList.plist */; };
		61909D491B4CEE29006943A8 /* BaseItem.m in Sources */ = {isa = PBXBuildFile; fileRef = 61909D481B4CEE29006943A8 /* BaseItem.m */; };
		61909D811B4D2A46006943A8 /* Utility.m in Sources */ = {isa = PBXBuildFile; fileRef = 61909D801B4D2A46006943A8 /* Utility.m */; };
		61909D841B4D2E13006943A8 /* BaseCategory.m in Sources */ = {isa = PBXBuildFile; fileRef = 61909D831B4D2E13006943A8 /* BaseCategory.m */; };
		61909D8A1B4EC254006943A8 /* CartItemCell.m in Sources */ = {isa = PBXBuildFile; fileRef = 61909D891B4EC254006943A8 /* CartItemCell.m */; };
		61909D901B4ECE8E006943A8 /* Cart.m in Sources */ = {isa = PBXBuildFile; fileRef = 61909D8F1B4ECE8E006943A8 /* Cart.m */; };
/* End PBXBuildFile section */

/* Begin PBXContainerItemProxy section */
		6177B3141B4B87CF00035DAC /* PBXContainerItemProxy */ = {
			isa = PBXContainerItemProxy;
			containerPortal = 6177B2EF1B4B87CE00035DAC /* Project object */;
			proxyType = 1;
			remoteGlobalIDString = 6177B2F61B4B87CE00035DAC;
			remoteInfo = EShopping;
		};
/* End PBXContainerItemProxy section */

/* Begin PBXFileReference section */
		6177B2F71B4B87CE00035DAC /* EShopping.app */ = {isa = PBXFileReference; explicitFileType = wrapper.application; includeInIndex = 0; path = EShopping.app; sourceTree = BUILT_PRODUCTS_DIR; };
		6177B2FB1B4B87CE00035DAC /* Info.plist */ = {isa = PBXFileReference; lastKnownFileType = text.plist.xml; path = Info.plist; sourceTree = "<group>"; };
		6177B2FC1B4B87CE00035DAC /* main.m */ = {isa = PBXFileReference; lastKnownFileType = sourcecode.c.objc; path = main.m; sourceTree = "<group>"; };
		6177B2FE1B4B87CE00035DAC /* AppDelegate.h */ = {isa = PBXFileReference; lastKnownFileType = sourcecode.c.h; path = AppDelegate.h; sourceTree = "<group>"; };
		6177B2FF1B4B87CE00035DAC /* AppDelegate.m */ = {isa = PBXFileReference; lastKnownFileType = sourcecode.c.objc; path = AppDelegate.m; sourceTree = "<group>"; };
		6177B30A1B4B87CE00035DAC /* Images.xcassets */ = {isa = PBXFileReference; lastKnownFileType = folder.assetcatalog; path = Images.xcassets; sourceTree = "<group>"; };
		6177B3131B4B87CF00035DAC /* EShoppingTests.xctest */ = {isa = PBXFileReference; explicitFileType = wrapper.cfbundle; includeInIndex = 0; path = EShoppingTests.xctest; sourceTree = BUILT_PRODUCTS_DIR; };
		6177B3181B4B87CF00035DAC /* Info.plist */ = {isa = PBXFileReference; lastKnownFileType = text.plist.xml; path = Info.plist; sourceTree = "<group>"; };
		6177B3191B4B87CF00035DAC /* EShoppingTests.m */ = {isa = PBXFileReference; lastKnownFileType = sourcecode.c.objc; path = EShoppingTests.m; sourceTree = "<group>"; };
		618F43EA1B503354001A5A76 /* CartViewController.h */ = {isa = PBXFileReference; fileEncoding = 4; lastKnownFileType = sourcecode.c.h; path = CartViewController.h; sourceTree = "<group>"; };
		618F43EB1B503354001A5A76 /* CartViewController.m */ = {isa = PBXFileReference; fileEncoding = 4; lastKnownFileType = sourcecode.c.objc; path = CartViewController.m; sourceTree = "<group>"; };
		618F43EC1B503354001A5A76 /* DetailViewController.h */ = {isa = PBXFileReference; fileEncoding = 4; lastKnownFileType = sourcecode.c.h; path = DetailViewController.h; sourceTree = "<group>"; };
		618F43ED1B503354001A5A76 /* DetailViewController.m */ = {isa = PBXFileReference; fileEncoding = 4; lastKnownFileType = sourcecode.c.objc; path = DetailViewController.m; sourceTree = "<group>"; };
		618F43EE1B503354001A5A76 /* MasterViewController.h */ = {isa = PBXFileReference; fileEncoding = 4; lastKnownFileType = sourcecode.c.h; path = MasterViewController.h; sourceTree = "<group>"; };
		618F43EF1B503354001A5A76 /* MasterViewController.m */ = {isa = PBXFileReference; fileEncoding = 4; lastKnownFileType = sourcecode.c.objc; path = MasterViewController.m; sourceTree = "<group>"; };
		618F43F41B503379001A5A76 /* Base */ = {isa = PBXFileReference; lastKnownFileType = file.xib; name = Base; path = Base.lproj/LaunchScreen.xib; sourceTree = "<group>"; };
		618F43F61B503379001A5A76 /* Base */ = {isa = PBXFileReference; lastKnownFileType = file.storyboard; name = Base; path = Base.lproj/Main.storyboard; sourceTree = "<group>"; };
		61909D441B4CE5CC006943A8 /* ItemList.plist */ = {isa = PBXFileReference; fileEncoding = 4; lastKnownFileType = text.plist.xml; path = ItemList.plist; sourceTree = "<group>"; };
		61909D471B4CEE29006943A8 /* BaseItem.h */ = {isa = PBXFileReference; fileEncoding = 4; lastKnownFileType = sourcecode.c.h; path = BaseItem.h; sourceTree = "<group>"; };
		61909D481B4CEE29006943A8 /* BaseItem.m */ = {isa = PBXFileReference; fileEncoding = 4; lastKnownFileType = sourcecode.c.objc; path = BaseItem.m; sourceTree = "<group>"; };
		61909D7F1B4D2A46006943A8 /* Utility.h */ = {isa = PBXFileReference; fileEncoding = 4; lastKnownFileType = sourcecode.c.h; path = Utility.h; sourceTree = "<group>"; };
		61909D801B4D2A46006943A8 /* Utility.m */ = {isa = PBXFileReference; fileEncoding = 4; lastKnownFileType = sourcecode.c.objc; path = Utility.m; sourceTree = "<group>"; };
		61909D821B4D2E13006943A8 /* BaseCategory.h */ = {isa = PBXFileReference; fileEncoding = 4; lastKnownFileType = sourcecode.c.h; path = BaseCategory.h; sourceTree = "<group>"; };
		61909D831B4D2E13006943A8 /* BaseCategory.m */ = {isa = PBXFileReference; fileEncoding = 4; lastKnownFileType = sourcecode.c.objc; path = BaseCategory.m; sourceTree = "<group>"; };
		61909D881B4EC254006943A8 /* CartItemCell.h */ = {isa = PBXFileReference; fileEncoding = 4; lastKnownFileType = sourcecode.c.h; path = CartItemCell.h; sourceTree = "<group>"; };
		61909D891B4EC254006943A8 /* CartItemCell.m */ = {isa = PBXFileReference; fileEncoding = 4; lastKnownFileType = sourcecode.c.objc; path = CartItemCell.m; sourceTree = "<group>"; };
		61909D8E1B4ECE8E006943A8 /* Cart.h */ = {isa = PBXFileReference; fileEncoding = 4; lastKnownFileType = sourcecode.c.h; path = Cart.h; sourceTree = "<group>"; };
		61909D8F1B4ECE8E006943A8 /* Cart.m */ = {isa = PBXFileReference; fileEncoding = 4; lastKnownFileType = sourcecode.c.objc; path = Cart.m; sourceTree = "<group>"; };
/* End PBXFileReference section */

/* Begin PBXFrameworksBuildPhase section */
		6177B2F41B4B87CE00035DAC /* Frameworks */ = {
			isa = PBXFrameworksBuildPhase;
			buildActionMask = 2147483647;
			files = (
			);
			runOnlyForDeploymentPostprocessing = 0;
		};
		6177B3101B4B87CF00035DAC /* Frameworks */ = {
			isa = PBXFrameworksBuildPhase;
			buildActionMask = 2147483647;
			files = (
			);
			runOnlyForDeploymentPostprocessing = 0;
		};
/* End PBXFrameworksBuildPhase section */

/* Begin PBXGroup section */
		6177B2EE1B4B87CE00035DAC = {
			isa = PBXGroup;
			children = (
				6177B2F91B4B87CE00035DAC /* EShopping */,
				6177B3161B4B87CF00035DAC /* EShoppingTests */,
				6177B2F81B4B87CE00035DAC /* Products */,
			);
			sourceTree = "<group>";
		};
		6177B2F81B4B87CE00035DAC /* Products */ = {
			isa = PBXGroup;
			children = (
				6177B2F71B4B87CE00035DAC /* EShopping.app */,
				6177B3131B4B87CF00035DAC /* EShoppingTests.xctest */,
			);
			name = Products;
			sourceTree = "<group>";
		};
		6177B2F91B4B87CE00035DAC /* EShopping */ = {
			isa = PBXGroup;
			children = (
				6177B2FE1B4B87CE00035DAC /* AppDelegate.h */,
				6177B2FF1B4B87CE00035DAC /* AppDelegate.m */,
				61909D871B4EC224006943A8 /* CartItemCell */,
				61909D7E1B4D2A39006943A8 /* Utility */,
				61909D461B4CEE01006943A8 /* Models */,
				618F43E91B503326001A5A76 /* PresentationLayer */,
				6177B30A1B4B87CE00035DAC /* Images.xcassets */,
				61909D431B4CE554006943A8 /* Resources */,
				6177B2FA1B4B87CE00035DAC /* Supporting Files */,
			);
			path = EShopping;
			sourceTree = "<group>";
		};
		6177B2FA1B4B87CE00035DAC /* Supporting Files */ = {
			isa = PBXGroup;
			children = (
				6177B2FB1B4B87CE00035DAC /* Info.plist */,
				6177B2FC1B4B87CE00035DAC /* main.m */,
			);
			name = "Supporting Files";
			sourceTree = "<group>";
		};
		6177B3161B4B87CF00035DAC /* EShoppingTests */ = {
			isa = PBXGroup;
			children = (
				6177B3191B4B87CF00035DAC /* EShoppingTests.m */,
				6177B3171B4B87CF00035DAC /* Supporting Files */,
			);
			path = EShoppingTests;
			sourceTree = "<group>";
		};
		6177B3171B4B87CF00035DAC /* Supporting Files */ = {
			isa = PBXGroup;
			children = (
				6177B3181B4B87CF00035DAC /* Info.plist */,
			);
			name = "Supporting Files";
			sourceTree = "<group>";
		};
		618F43E91B503326001A5A76 /* PresentationLayer */ = {
			isa = PBXGroup;
			children = (
				618F43F31B503379001A5A76 /* LaunchScreen.xib */,
				618F43F51B503379001A5A76 /* Main.storyboard */,
				618F43EA1B503354001A5A76 /* CartViewController.h */,
				618F43EB1B503354001A5A76 /* CartViewController.m */,
				618F43EC1B503354001A5A76 /* DetailViewController.h */,
				618F43ED1B503354001A5A76 /* DetailViewController.m */,
				618F43EE1B503354001A5A76 /* MasterViewController.h */,
				618F43EF1B503354001A5A76 /* MasterViewController.m */,
			);
			path = PresentationLayer;
			sourceTree = "<group>";
		};
		61909D431B4CE554006943A8 /* Resources */ = {
			isa = PBXGroup;
			children = (
				61909D441B4CE5CC006943A8 /* ItemList.plist */,
			);
			path = Resources;
			sourceTree = "<group>";
		};
		61909D461B4CEE01006943A8 /* Models */ = {
			isa = PBXGroup;
			children = (
				61909D471B4CEE29006943A8 /* BaseItem.h */,
				61909D481B4CEE29006943A8 /* BaseItem.m */,
				61909D821B4D2E13006943A8 /* BaseCategory.h */,
				61909D831B4D2E13006943A8 /* BaseCategory.m */,
				61909D8E1B4ECE8E006943A8 /* Cart.h */,
				61909D8F1B4ECE8E006943A8 /* Cart.m */,
			);
			path = Models;
			sourceTree = "<group>";
		};
		61909D7E1B4D2A39006943A8 /* Utility */ = {
			isa = PBXGroup;
			children = (
				61909D7F1B4D2A46006943A8 /* Utility.h */,
				61909D801B4D2A46006943A8 /* Utility.m */,
			);
			path = Utility;
			sourceTree = "<group>";
		};
		61909D871B4EC224006943A8 /* CartItemCell */ = {
			isa = PBXGroup;
			children = (
				61909D881B4EC254006943A8 /* CartItemCell.h */,
				61909D891B4EC254006943A8 /* CartItemCell.m */,
			);
			path = CartItemCell;
			sourceTree = "<group>";
		};
/* End PBXGroup section */

/* Begin PBXNativeTarget section */
		6177B2F61B4B87CE00035DAC /* EShopping */ = {
			isa = PBXNativeTarget;
			buildConfigurationList = 6177B31D1B4B87CF00035DAC /* Build configuration list for PBXNativeTarget "EShopping" */;
			buildPhases = (
				6177B2F31B4B87CE00035DAC /* Sources */,
				6177B2F41B4B87CE00035DAC /* Frameworks */,
				6177B2F51B4B87CE00035DAC /* Resources */,
			);
			buildRules = (
			);
			dependencies = (
			);
			name = EShopping;
			productName = EShopping;
			productReference = 6177B2F71B4B87CE00035DAC /* EShopping.app */;
			productType = "com.apple.product-type.application";
		};
		6177B3121B4B87CF00035DAC /* EShoppingTests */ = {
			isa = PBXNativeTarget;
			buildConfigurationList = 6177B3201B4B87CF00035DAC /* Build configuration list for PBXNativeTarget "EShoppingTests" */;
			buildPhases = (
				6177B30F1B4B87CF00035DAC /* Sources */,
				6177B3101B4B87CF00035DAC /* Frameworks */,
				6177B3111B4B87CF00035DAC /* Resources */,
			);
			buildRules = (
			);
			dependencies = (
				6177B3151B4B87CF00035DAC /* PBXTargetDependency */,
			);
			name = EShoppingTests;
			productName = EShoppingTests;
			productReference = 6177B3131B4B87CF00035DAC /* EShoppingTests.xctest */;
			productType = "com.apple.product-type.bundle.unit-test";
		};
/* End PBXNativeTarget section */

/* Begin PBXProject section */
		6177B2EF1B4B87CE00035DAC /* Project object */ = {
			isa = PBXProject;
			attributes = {
				LastUpgradeCheck = 0640;
				ORGANIZATIONNAME = "Fauad Anwar";
				TargetAttributes = {
					6177B2F61B4B87CE00035DAC = {
						CreatedOnToolsVersion = 6.4;
					};
					6177B3121B4B87CF00035DAC = {
						CreatedOnToolsVersion = 6.4;
						TestTargetID = 6177B2F61B4B87CE00035DAC;
					};
				};
			};
			buildConfigurationList = 6177B2F21B4B87CE00035DAC /* Build configuration list for PBXProject "EShopping" */;
			compatibilityVersion = "Xcode 3.2";
			developmentRegion = English;
			hasScannedForEncodings = 0;
			knownRegions = (
				en,
				Base,
			);
			mainGroup = 6177B2EE1B4B87CE00035DAC;
			productRefGroup = 6177B2F81B4B87CE00035DAC /* Products */;
			projectDirPath = "";
			projectRoot = "";
			targets = (
				6177B2F61B4B87CE00035DAC /* EShopping */,
				6177B3121B4B87CF00035DAC /* EShoppingTests */,
			);
		};
/* End PBXProject section */

/* Begin PBXResourcesBuildPhase section */
		6177B2F51B4B87CE00035DAC /* Resources */ = {
			isa = PBXResourcesBuildPhase;
			buildActionMask = 2147483647;
			files = (
				61909D451B4CE5CC006943A8 /* ItemList.plist in Resources */,
				618F43F71B503379001A5A76 /* LaunchScreen.xib in Resources */,
				6177B30B1B4B87CE00035DAC /* Images.xcassets in Resources */,
				618F43F81B503379001A5A76 /* Main.storyboard in Resources */,
			);
			runOnlyForDeploymentPostprocessing = 0;
		};
		6177B3111B4B87CF00035DAC /* Resources */ = {
			isa = PBXResourcesBuildPhase;
			buildActionMask = 2147483647;
			files = (
			);
			runOnlyForDeploymentPostprocessing = 0;
		};
/* End PBXResourcesBuildPhase section */

/* Begin PBXSourcesBuildPhase section */
		6177B2F31B4B87CE00035DAC /* Sources */ = {
			isa = PBXSourcesBuildPhase;
			buildActionMask = 2147483647;
			files = (
				618F43F01B503354001A5A76 /* CartViewController.m in Sources */,
				6177B3001B4B87CE00035DAC /* AppDelegate.m in Sources */,
				618F43F21B503354001A5A76 /* MasterViewController.m in Sources */,
				618F43F11B503354001A5A76 /* DetailViewController.m in Sources */,
				61909D8A1B4EC254006943A8 /* CartItemCell.m in Sources */,
				61909D491B4CEE29006943A8 /* BaseItem.m in Sources */,
				6177B2FD1B4B87CE00035DAC /* main.m in Sources */,
				61909D901B4ECE8E006943A8 /* Cart.m in Sources */,
				61909D811B4D2A46006943A8 /* Utility.m in Sources */,
				61909D841B4D2E13006943A8 /* BaseCategory.m in Sources */,
			);
			runOnlyForDeploymentPostprocessing = 0;
		};
		6177B30F1B4B87CF00035DAC /* Sources */ = {
			isa = PBXSourcesBuildPhase;
			buildActionMask = 2147483647;
			files = (
				6177B31A1B4B87CF00035DAC /* EShoppingTests.m in Sources */,
			);
			runOnlyForDeploymentPostprocessing = 0;
		};
/* End PBXSourcesBuildPhase section */

/* Begin PBXTargetDependency section */
		6177B3151B4B87CF00035DAC /* PBXTargetDependency */ = {
			isa = PBXTargetDependency;
			target = 6177B2F61B4B87CE00035DAC /* EShopping */;
			targetProxy = 6177B3141B4B87CF00035DAC /* PBXContainerItemProxy */;
		};
/* End PBXTargetDependency section */

/* Begin PBXVariantGroup section */
		618F43F31B503379001A5A76 /* LaunchScreen.xib */ = {
			isa = PBXVariantGroup;
			children = (
				618F43F41B503379001A5A76 /* Base */,
			);
			name = LaunchScreen.xib;
			sourceTree = "<group>";
		};
		618F43F51B503379001A5A76 /* Main.storyboard */ = {
			isa = PBXVariantGroup;
			children = (
				618F43F61B503379001A5A76 /* Base */,
			);
			name = Main.storyboard;
			sourceTree = "<group>";
		};
/* End PBXVariantGroup section */

/* Begin XCBuildConfiguration section */
		6177B31B1B4B87CF00035DAC /* Debug */ = {
			isa = XCBuildConfiguration;
			buildSettings = {
				ALWAYS_SEARCH_USER_PATHS = NO;
				CLANG_CXX_LANGUAGE_STANDARD = "gnu++0x";
				CLANG_CXX_LIBRARY = "libc++";
				CLANG_ENABLE_MODULES = YES;
				CLANG_ENABLE_OBJC_ARC = YES;
				CLANG_WARN_BOOL_CONVERSION = YES;
				CLANG_WARN_CONSTANT_CONVERSION = YES;
				CLANG_WARN_DIRECT_OBJC_ISA_USAGE = YES_ERROR;
				CLANG_WARN_EMPTY_BODY = YES;
				CLANG_WARN_ENUM_CONVERSION = YES;
				CLANG_WARN_INT_CONVERSION = YES;
				CLANG_WARN_OBJC_ROOT_CLASS = YES_ERROR;
				CLANG_WARN_UNREACHABLE_CODE = YES;
				CLANG_WARN__DUPLICATE_METHOD_MATCH = YES;
				"CODE_SIGN_IDENTITY[sdk=iphoneos*]" = "iPhone Developer";
				COPY_PHASE_STRIP = NO;
				DEBUG_INFORMATION_FORMAT = "dwarf-with-dsym";
				ENABLE_STRICT_OBJC_MSGSEND = YES;
				GCC_C_LANGUAGE_STANDARD = gnu99;
				GCC_DYNAMIC_NO_PIC = NO;
				GCC_NO_COMMON_BLOCKS = YES;
				GCC_OPTIMIZATION_LEVEL = 0;
				GCC_PREPROCESSOR_DEFINITIONS = (
					"DEBUG=1",
					"$(inherited)",
				);
				GCC_SYMBOLS_PRIVATE_EXTERN = NO;
				GCC_WARN_64_TO_32_BIT_CONVERSION = YES;
				GCC_WARN_ABOUT_RETURN_TYPE = YES_ERROR;
				GCC_WARN_UNDECLARED_SELECTOR = YES;
				GCC_WARN_UNINITIALIZED_AUTOS = YES_AGGRESSIVE;
				GCC_WARN_UNUSED_FUNCTION = YES;
				GCC_WARN_UNUSED_VARIABLE = YES;
				IPHONEOS_DEPLOYMENT_TARGET = 8.4;
				MTL_ENABLE_DEBUG_INFO = YES;
				ONLY_ACTIVE_ARCH = YES;
				SDKROOT = iphoneos;
				TARGETED_DEVICE_FAMILY = "1,2";
			};
			name = Debug;
		};
		6177B31C1B4B87CF00035DAC /* Release */ = {
			isa = XCBuildConfiguration;
			buildSettings = {
				ALWAYS_SEARCH_USER_PATHS = NO;
				CLANG_CXX_LANGUAGE_STANDARD = "gnu++0x";
				CLANG_CXX_LIBRARY = "libc++";
				CLANG_ENABLE_MODULES = YES;
				CLANG_ENABLE_OBJC_ARC = YES;
				CLANG_WARN_BOOL_CONVERSION = YES;
				CLANG_WARN_CONSTANT_CONVERSION = YES;
				CLANG_WARN_DIRECT_OBJC_ISA_USAGE = YES_ERROR;
				CLANG_WARN_EMPTY_BODY = YES;
				CLANG_WARN_ENUM_CONVERSION = YES;
				CLANG_WARN_INT_CONVERSION = YES;
				CLANG_WARN_OBJC_ROOT_CLASS = YES_ERROR;
				CLANG_WARN_UNREACHABLE_CODE = YES;
				CLANG_WARN__DUPLICATE_METHOD_MATCH = YES;
				"CODE_SIGN_IDENTITY[sdk=iphoneos*]" = "iPhone Developer";
				COPY_PHASE_STRIP = NO;
				DEBUG_INFORMATION_FORMAT = "dwarf-with-dsym";
				ENABLE_NS_ASSERTIONS = NO;
				ENABLE_STRICT_OBJC_MSGSEND = YES;
				GCC_C_LANGUAGE_STANDARD = gnu99;
				GCC_NO_COMMON_BLOCKS = YES;
				GCC_WARN_64_TO_32_BIT_CONVERSION = YES;
				GCC_WARN_ABOUT_RETURN_TYPE = YES_ERROR;
				GCC_WARN_UNDECLARED_SELECTOR = YES;
				GCC_WARN_UNINITIALIZED_AUTOS = YES_AGGRESSIVE;
				GCC_WARN_UNUSED_FUNCTION = YES;
				GCC_WARN_UNUSED_VARIABLE = YES;
				IPHONEOS_DEPLOYMENT_TARGET = 8.4;
				MTL_ENABLE_DEBUG_INFO = NO;
				SDKROOT = iphoneos;
				TARGETED_DEVICE_FAMILY = "1,2";
				VALIDATE_PRODUCT = YES;
			};
			name = Release;
		};
		6177B31E1B4B87CF00035DAC /* Debug */ = {
			isa = XCBuildConfiguration;
			buildSettings = {
				ASSETCATALOG_COMPILER_APPICON_NAME = AppIcon;
				INFOPLIST_FILE = EShopping/Info.plist;
				IPHONEOS_DEPLOYMENT_TARGET = 8.0;
				LD_RUNPATH_SEARCH_PATHS = "$(inherited) @executable_path/Frameworks";
				PRODUCT_NAME = "$(TARGET_NAME)";
			};
			name = Debug;
		};
		6177B31F1B4B87CF00035DAC /* Release */ = {
			isa = XCBuildConfiguration;
			buildSettings = {
				ASSETCATALOG_COMPILER_APPICON_NAME = AppIcon;
				INFOPLIST_FILE = EShopping/Info.plist;
				IPHONEOS_DEPLOYMENT_TARGET = 8.0;
				LD_RUNPATH_SEARCH_PATHS = "$(inherited) @executable_path/Frameworks";
				PRODUCT_NAME = "$(TARGET_NAME)";
			};
			name = Release;
		};
		6177B3211B4B87CF00035DAC /* Debug */ = {
			isa = XCBuildConfiguration;
			buildSettings = {
				BUNDLE_LOADER = "$(TEST_HOST)";
				FRAMEWORK_SEARCH_PATHS = (
					"$(SDKROOT)/Developer/Library/Frameworks",
					"$(inherited)",
				);
				GCC_PREPROCESSOR_DEFINITIONS = (
					"DEBUG=1",
					"$(inherited)",
				);
				INFOPLIST_FILE = EShoppingTests/Info.plist;
				LD_RUNPATH_SEARCH_PATHS = "$(inherited) @executable_path/Frameworks @loader_path/Frameworks";
				PRODUCT_NAME = "$(TARGET_NAME)";
				TEST_HOST = "$(BUILT_PRODUCTS_DIR)/EShopping.app/EShopping";
			};
			name = Debug;
		};
		6177B3221B4B87CF00035DAC /* Release */ = {
			isa = XCBuildConfiguration;
			buildSettings = {
				BUNDLE_LOADER = "$(TEST_HOST)";
				FRAMEWORK_SEARCH_PATHS = (
					"$(SDKROOT)/Developer/Library/Frameworks",
					"$(inherited)",
				);
				INFOPLIST_FILE = EShoppingTests/Info.plist;
				LD_RUNPATH_SEARCH_PATHS = "$(inherited) @executable_path/Frameworks @loader_path/Frameworks";
				PRODUCT_NAME = "$(TARGET_NAME)";
				TEST_HOST = "$(BUILT_PRODUCTS_DIR)/EShopping.app/EShopping";
			};
			name = Release;
		};
/* End XCBuildConfiguration section */

/* Begin XCConfigurationList section */
		6177B2F21B4B87CE00035DAC /* Build configuration list for PBXProject "EShopping" */ = {
			isa = XCConfigurationList;
			buildConfigurations = (
				6177B31B1B4B87CF00035DAC /* Debug */,
				6177B31C1B4B87CF00035DAC /* Release */,
			);
			defaultConfigurationIsVisible = 0;
			defaultConfigurationName = Release;
		};
		6177B31D1B4B87CF00035DAC /* Build configuration list for PBXNativeTarget "EShopping" */ = {
			isa = XCConfigurationList;
			buildConfigurations = (
				6177B31E1B4B87CF00035DAC /* Debug */,
				6177B31F1B4B87CF00035DAC /* Release */,
			);
			defaultConfigurationIsVisible = 0;
			defaultConfigurationName = Release;
		};
		6177B3201B4B87CF00035DAC /* Build configuration list for PBXNativeTarget "EShoppingTests" */ = {
			isa = XCConfigurationList;
			buildConfigurations = (
				6177B3211B4B87CF00035DAC /* Debug */,
				6177B3221B4B87CF00035DAC /* Release */,
			);
			defaultConfigurationIsVisible = 0;
			defaultConfigurationName = Release;
		};
/* End XCConfigurationList section */
	};
	rootObject = 6177B2EF1B4B87CE00035DAC /* Project object */;
}
